
Microsoft Visual Studio Solution File, Format Version 12.00
# Visual Studio Version 16
VisualStudioVersion = 16.0.29411.108
MinimumVisualStudioVersion = 10.0.40219.1
Project("{FAE04EC0-301F-11D3-BF4B-00C04F79EFBC}") = "First_app", "First_app.csproj", "{9542EF5F-646F-4C85-8AC5-ABA07E6C9FB7}"
EndProject
Global
	GlobalSection(SolutionConfigurationPlatforms) = preSolution
		Debug|Any CPU = Debug|Any CPU
		Release|Any CPU = Release|Any CPU
	EndGlobalSection
	GlobalSection(ProjectConfigurationPlatforms) = postSolution
		{9542EF5F-646F-4C85-8AC5-ABA07E6C9FB7}.Debug|Any CPU.ActiveCfg = Debug|Any CPU
		{9542EF5F-646F-4C85-8AC5-ABA07E6C9FB7}.Debug|Any CPU.Build.0 = Debug|Any CPU
		{9542EF5F-646F-4C85-8AC5-ABA07E6C9FB7}.Release|Any CPU.ActiveCfg = Release|Any CPU
		{9542EF5F-646F-4C85-8AC5-ABA07E6C9FB7}.Release|Any CPU.Build.0 = Release|Any CPU
	EndGlobalSection
	GlobalSection(SolutionProperties) = preSolution
		HideSolutionNode = FALSE
	EndGlobalSection
	GlobalSection(ExtensibilityGlobals) = postSolution
		SolutionGuid = {71162B51-5A81-488F-8194-385E39F577C7}
	EndGlobalSection
EndGlobal
